
Microsoft Visual Studio Solution File, Format Version 12.00
# Visual Studio 15
VisualStudioVersion = 15.0.28307.757
MinimumVisualStudioVersion = 10.0.40219.1
Project("{FAE04EC0-301F-11D3-BF4B-00C04F79EFBC}") = "XamarinSecureBackground.Android", "XamarinSecureBackground\XamarinSecureBackground.Android\XamarinSecureBackground.Android.csproj", "{DBA0423C-9675-4FD7-B057-7B3FFC4C2272}"
EndProject
Project("{FAE04EC0-301F-11D3-BF4B-00C04F79EFBC}") = "XamarinSecureBackground.iOS", "XamarinSecureBackground\XamarinSecureBackground.iOS\XamarinSecureBackground.iOS.csproj", "{F35C49AD-8B6E-4C43-AB4D-D9DC3458CA0A}"
EndProject
Project("{FAE04EC0-301F-11D3-BF4B-00C04F79EFBC}") = "XamarinSecureBackground.UWP", "XamarinSecureBackground\XamarinSecureBackground.UWP\XamarinSecureBackground.UWP.csproj", "{E7C8013E-F4F8-4973-81A0-6C6E106301EE}"
EndProject
Project("{FAE04EC0-301F-11D3-BF4B-00C04F79EFBC}") = "XamarinSecureBackground", "XamarinSecureBackground\XamarinSecureBackground\XamarinSecureBackground.csproj", "{01A75D02-4D89-46DE-9D5A-E0E2720DF022}"
EndProject
Global
	GlobalSection(SolutionConfigurationPlatforms) = preSolution
		Ad-Hoc|Any CPU = Ad-Hoc|Any CPU
		Ad-Hoc|ARM = Ad-Hoc|ARM
		Ad-Hoc|iPhone = Ad-Hoc|iPhone
		Ad-Hoc|iPhoneSimulator = Ad-Hoc|iPhoneSimulator
		Ad-Hoc|x64 = Ad-Hoc|x64
		Ad-Hoc|x86 = Ad-Hoc|x86
		AppStore|Any CPU = AppStore|Any CPU
		AppStore|ARM = AppStore|ARM
		AppStore|iPhone = AppStore|iPhone
		AppStore|iPhoneSimulator = AppStore|iPhoneSimulator
		AppStore|x64 = AppStore|x64
		AppStore|x86 = AppStore|x86
		Debug|Any CPU = Debug|Any CPU
		Debug|ARM = Debug|ARM
		Debug|iPhone = Debug|iPhone
		Debug|iPhoneSimulator = Debug|iPhoneSimulator
		Debug|x64 = Debug|x64
		Debug|x86 = Debug|x86
		Release|Any CPU = Release|Any CPU
		Release|ARM = Release|ARM
		Release|iPhone = Release|iPhone
		Release|iPhoneSimulator = Release|iPhoneSimulator
		Release|x64 = Release|x64
		Release|x86 = Release|x86
	EndGlobalSection
	GlobalSection(ProjectConfigurationPlatforms) = postSolution
		{DBA0423C-9675-4FD7-B057-7B3FFC4C2272}.Ad-Hoc|Any CPU.ActiveCfg = Release|Any CPU
		{DBA0423C-9675-4FD7-B057-7B3FFC4C2272}.Ad-Hoc|Any CPU.Build.0 = Release|Any CPU
		{DBA0423C-9675-4FD7-B057-7B3FFC4C2272}.Ad-Hoc|Any CPU.Deploy.0 = Release|Any CPU
		{DBA0423C-9675-4FD7-B057-7B3FFC4C2272}.Ad-Hoc|ARM.ActiveCfg = Release|Any CPU
		{DBA0423C-9675-4FD7-B057-7B3FFC4C2272}.Ad-Hoc|ARM.Build.0 = Release|Any CPU
		{DBA0423C-9675-4FD7-B057-7B3FFC4C2272}.Ad-Hoc|ARM.Deploy.0 = Release|Any CPU
		{DBA0423C-9675-4FD7-B057-7B3FFC4C2272}.Ad-Hoc|iPhone.ActiveCfg = Release|Any CPU
		{DBA0423C-9675-4FD7-B057-7B3FFC4C2272}.Ad-Hoc|iPhone.Build.0 = Release|Any CPU
		{DBA0423C-9675-4FD7-B057-7B3FFC4C2272}.Ad-Hoc|iPhone.Deploy.0 = Release|Any CPU
		{DBA0423C-9675-4FD7-B057-7B3FFC4C2272}.Ad-Hoc|iPhoneSimulator.ActiveCfg = Release|Any CPU
		{DBA0423C-9675-4FD7-B057-7B3FFC4C2272}.Ad-Hoc|iPhoneSimulator.Build.0 = Release|Any CPU
		{DBA0423C-9675-4FD7-B057-7B3FFC4C2272}.Ad-Hoc|iPhoneSimulator.Deploy.0 = Release|Any CPU
		{DBA0423C-9675-4FD7-B057-7B3FFC4C2272}.Ad-Hoc|x64.ActiveCfg = Release|Any CPU
		{DBA0423C-9675-4FD7-B057-7B3FFC4C2272}.Ad-Hoc|x64.Build.0 = Release|Any CPU
		{DBA0423C-9675-4FD7-B057-7B3FFC4C2272}.Ad-Hoc|x64.Deploy.0 = Release|Any CPU
		{DBA0423C-9675-4FD7-B057-7B3FFC4C2272}.Ad-Hoc|x86.ActiveCfg = Release|Any CPU
		{DBA0423C-9675-4FD7-B057-7B3FFC4C2272}.Ad-Hoc|x86.Build.0 = Release|Any CPU
		{DBA0423C-9675-4FD7-B057-7B3FFC4C2272}.Ad-Hoc|x86.Deploy.0 = Release|Any CPU
		{DBA0423C-9675-4FD7-B057-7B3FFC4C2272}.AppStore|Any CPU.ActiveCfg = Release|Any CPU
		{DBA0423C-9675-4FD7-B057-7B3FFC4C2272}.AppStore|Any CPU.Build.0 = Release|Any CPU
		{DBA0423C-9675-4FD7-B057-7B3FFC4C2272}.AppStore|Any CPU.Deploy.0 = Release|Any CPU
		{DBA0423C-9675-4FD7-B057-7B3FFC4C2272}.AppStore|ARM.ActiveCfg = Release|Any CPU
		{DBA0423C-9675-4FD7-B057-7B3FFC4C2272}.AppStore|ARM.Build.0 = Release|Any CPU
		{DBA0423C-9675-4FD7-B057-7B3FFC4C2272}.AppStore|ARM.Deploy.0 = Release|Any CPU
		{DBA0423C-9675-4FD7-B057-7B3FFC4C2272}.AppStore|iPhone.ActiveCfg = Release|Any CPU
		{DBA0423C-9675-4FD7-B057-7B3FFC4C2272}.AppStore|iPhone.Build.0 = Release|Any CPU
		{DBA0423C-9675-4FD7-B057-7B3FFC4C2272}.AppStore|iPhone.Deploy.0 = Release|Any CPU
		{DBA0423C-9675-4FD7-B057-7B3FFC4C2272}.AppStore|iPhoneSimulator.ActiveCfg = Release|Any CPU
		{DBA0423C-9675-4FD7-B057-7B3FFC4C2272}.AppStore|iPhoneSimulator.Build.0 = Release|Any CPU
		{DBA0423C-9675-4FD7-B057-7B3FFC4C2272}.AppStore|iPhoneSimulator.Deploy.0 = Release|Any CPU
		{DBA0423C-9675-4FD7-B057-7B3FFC4C2272}.AppStore|x64.ActiveCfg = Release|Any CPU
		{DBA0423C-9675-4FD7-B057-7B3FFC4C2272}.AppStore|x64.Build.0 = Release|Any CPU
		{DBA0423C-9675-4FD7-B057-7B3FFC4C2272}.AppStore|x64.Deploy.0 = Release|Any CPU
		{DBA0423C-9675-4FD7-B057-7B3FFC4C2272}.AppStore|x86.ActiveCfg = Release|Any CPU
		{DBA0423C-9675-4FD7-B057-7B3FFC4C2272}.AppStore|x86.Build.0 = Release|Any CPU
		{DBA0423C-9675-4FD7-B057-7B3FFC4C2272}.AppStore|x86.Deploy.0 = Release|Any CPU
		{DBA0423C-9675-4FD7-B057-7B3FFC4C2272}.Debug|Any CPU.ActiveCfg = Debug|Any CPU
		{DBA0423C-9675-4FD7-B057-7B3FFC4C2272}.Debug|Any CPU.Build.0 = Debug|Any CPU
		{DBA0423C-9675-4FD7-B057-7B3FFC4C2272}.Debug|Any CPU.Deploy.0 = Debug|Any CPU
		{DBA0423C-9675-4FD7-B057-7B3FFC4C2272}.Debug|ARM.ActiveCfg = Debug|Any CPU
		{DBA0423C-9675-4FD7-B057-7B3FFC4C2272}.Debug|ARM.Build.0 = Debug|Any CPU
		{DBA0423C-9675-4FD7-B057-7B3FFC4C2272}.Debug|ARM.Deploy.0 = Debug|Any CPU
		{DBA0423C-9675-4FD7-B057-7B3FFC4C2272}.Debug|iPhone.ActiveCfg = Debug|Any CPU
		{DBA0423C-9675-4FD7-B057-7B3FFC4C2272}.Debug|iPhone.Build.0 = Debug|Any CPU
		{DBA0423C-9675-4FD7-B057-7B3FFC4C2272}.Debug|iPhone.Deploy.0 = Debug|Any CPU
		{DBA0423C-9675-4FD7-B057-7B3FFC4C2272}.Debug|iPhoneSimulator.ActiveCfg = Debug|Any CPU
		{DBA0423C-9675-4FD7-B057-7B3FFC4C2272}.Debug|iPhoneSimulator.Build.0 = Debug|Any CPU
		{DBA0423C-9675-4FD7-B057-7B3FFC4C2272}.Debug|iPhoneSimulator.Deploy.0 = Debug|Any CPU
		{DBA0423C-9675-4FD7-B057-7B3FFC4C2272}.Debug|x64.ActiveCfg = Debug|Any CPU
		{DBA0423C-9675-4FD7-B057-7B3FFC4C2272}.Debug|x64.Build.0 = Debug|Any CPU
		{DBA0423C-9675-4FD7-B057-7B3FFC4C2272}.Debug|x64.Deploy.0 = Debug|Any CPU
		{DBA0423C-9675-4FD7-B057-7B3FFC4C2272}.Debug|x86.ActiveCfg = Debug|Any CPU
		{DBA0423C-9675-4FD7-B057-7B3FFC4C2272}.Debug|x86.Build.0 = Debug|Any CPU
		{DBA0423C-9675-4FD7-B057-7B3FFC4C2272}.Debug|x86.Deploy.0 = Debug|Any CPU
		{DBA0423C-9675-4FD7-B057-7B3FFC4C2272}.Release|Any CPU.ActiveCfg = Release|Any CPU
		{DBA0423C-9675-4FD7-B057-7B3FFC4C2272}.Release|Any CPU.Build.0 = Release|Any CPU
		{DBA0423C-9675-4FD7-B057-7B3FFC4C2272}.Release|Any CPU.Deploy.0 = Release|Any CPU
		{DBA0423C-9675-4FD7-B057-7B3FFC4C2272}.Release|ARM.ActiveCfg = Release|Any CPU
		{DBA0423C-9675-4FD7-B057-7B3FFC4C2272}.Release|ARM.Build.0 = Release|Any CPU
		{DBA0423C-9675-4FD7-B057-7B3FFC4C2272}.Release|ARM.Deploy.0 = Release|Any CPU
		{DBA0423C-9675-4FD7-B057-7B3FFC4C2272}.Release|iPhone.ActiveCfg = Release|Any CPU
		{DBA0423C-9675-4FD7-B057-7B3FFC4C2272}.Release|iPhone.Build.0 = Release|Any CPU
		{DBA0423C-9675-4FD7-B057-7B3FFC4C2272}.Release|iPhone.Deploy.0 = Release|Any CPU
		{DBA0423C-9675-4FD7-B057-7B3FFC4C2272}.Release|iPhoneSimulator.ActiveCfg = Release|Any CPU
		{DBA0423C-9675-4FD7-B057-7B3FFC4C2272}.Release|iPhoneSimulator.Build.0 = Release|Any CPU
		{DBA0423C-9675-4FD7-B057-7B3FFC4C2272}.Release|iPhoneSimulator.Deploy.0 = Release|Any CPU
		{DBA0423C-9675-4FD7-B057-7B3FFC4C2272}.Release|x64.ActiveCfg = Release|Any CPU
		{DBA0423C-9675-4FD7-B057-7B3FFC4C2272}.Release|x64.Build.0 = Release|Any CPU
		{DBA0423C-9675-4FD7-B057-7B3FFC4C2272}.Release|x64.Deploy.0 = Release|Any CPU
		{DBA0423C-9675-4FD7-B057-7B3FFC4C2272}.Release|x86.ActiveCfg = Release|Any CPU
		{DBA0423C-9675-4FD7-B057-7B3FFC4C2272}.Release|x86.Build.0 = Release|Any CPU
		{DBA0423C-9675-4FD7-B057-7B3FFC4C2272}.Release|x86.Deploy.0 = Release|Any CPU
		{F35C49AD-8B6E-4C43-AB4D-D9DC3458CA0A}.Ad-Hoc|Any CPU.ActiveCfg = Ad-Hoc|iPhone
		{F35C49AD-8B6E-4C43-AB4D-D9DC3458CA0A}.Ad-Hoc|Any CPU.Build.0 = Ad-Hoc|iPhone
		{F35C49AD-8B6E-4C43-AB4D-D9DC3458CA0A}.Ad-Hoc|Any CPU.Deploy.0 = Ad-Hoc|iPhone
		{F35C49AD-8B6E-4C43-AB4D-D9DC3458CA0A}.Ad-Hoc|ARM.ActiveCfg = Ad-Hoc|iPhone
		{F35C49AD-8B6E-4C43-AB4D-D9DC3458CA0A}.Ad-Hoc|ARM.Build.0 = Ad-Hoc|iPhone
		{F35C49AD-8B6E-4C43-AB4D-D9DC3458CA0A}.Ad-Hoc|ARM.Deploy.0 = Ad-Hoc|iPhone
		{F35C49AD-8B6E-4C43-AB4D-D9DC3458CA0A}.Ad-Hoc|iPhone.ActiveCfg = Ad-Hoc|iPhone
		{F35C49AD-8B6E-4C43-AB4D-D9DC3458CA0A}.Ad-Hoc|iPhone.Build.0 = Ad-Hoc|iPhone
		{F35C49AD-8B6E-4C43-AB4D-D9DC3458CA0A}.Ad-Hoc|iPhone.Deploy.0 = Ad-Hoc|iPhone
		{F35C49AD-8B6E-4C43-AB4D-D9DC3458CA0A}.Ad-Hoc|iPhoneSimulator.ActiveCfg = Ad-Hoc|iPhoneSimulator
		{F35C49AD-8B6E-4C43-AB4D-D9DC3458CA0A}.Ad-Hoc|iPhoneSimulator.Build.0 = Ad-Hoc|iPhoneSimulator
		{F35C49AD-8B6E-4C43-AB4D-D9DC3458CA0A}.Ad-Hoc|iPhoneSimulator.Deploy.0 = Ad-Hoc|iPhoneSimulator
		{F35C49AD-8B6E-4C43-AB4D-D9DC3458CA0A}.Ad-Hoc|x64.ActiveCfg = Ad-Hoc|iPhone
		{F35C49AD-8B6E-4C43-AB4D-D9DC3458CA0A}.Ad-Hoc|x64.Build.0 = Ad-Hoc|iPhone
		{F35C49AD-8B6E-4C43-AB4D-D9DC3458CA0A}.Ad-Hoc|x64.Deploy.0 = Ad-Hoc|iPhone
		{F35C49AD-8B6E-4C43-AB4D-D9DC3458CA0A}.Ad-Hoc|x86.ActiveCfg = Ad-Hoc|iPhone
		{F35C49AD-8B6E-4C43-AB4D-D9DC3458CA0A}.Ad-Hoc|x86.Build.0 = Ad-Hoc|iPhone
		{F35C49AD-8B6E-4C43-AB4D-D9DC3458CA0A}.Ad-Hoc|x86.Deploy.0 = Ad-Hoc|iPhone
		{F35C49AD-8B6E-4C43-AB4D-D9DC3458CA0A}.AppStore|Any CPU.ActiveCfg = AppStore|iPhone
		{F35C49AD-8B6E-4C43-AB4D-D9DC3458CA0A}.AppStore|Any CPU.Build.0 = AppStore|iPhone
		{F35C49AD-8B6E-4C43-AB4D-D9DC3458CA0A}.AppStore|Any CPU.Deploy.0 = AppStore|iPhone
		{F35C49AD-8B6E-4C43-AB4D-D9DC3458CA0A}.AppStore|ARM.ActiveCfg = AppStore|iPhone
		{F35C49AD-8B6E-4C43-AB4D-D9DC3458CA0A}.AppStore|ARM.Build.0 = AppStore|iPhone
		{F35C49AD-8B6E-4C43-AB4D-D9DC3458CA0A}.AppStore|ARM.Deploy.0 = AppStore|iPhone
		{F35C49AD-8B6E-4C43-AB4D-D9DC3458CA0A}.AppStore|iPhone.ActiveCfg = AppStore|iPhone
		{F35C49AD-8B6E-4C43-AB4D-D9DC3458CA0A}.AppStore|iPhone.Build.0 = AppStore|iPhone
		{F35C49AD-8B6E-4C43-AB4D-D9DC3458CA0A}.AppStore|iPhone.Deploy.0 = AppStore|iPhone
		{F35C49AD-8B6E-4C43-AB4D-D9DC3458CA0A}.AppStore|iPhoneSimulator.ActiveCfg = AppStore|iPhoneSimulator
		{F35C49AD-8B6E-4C43-AB4D-D9DC3458CA0A}.AppStore|iPhoneSimulator.Build.0 = AppStore|iPhoneSimulator
		{F35C49AD-8B6E-4C43-AB4D-D9DC3458CA0A}.AppStore|iPhoneSimulator.Deploy.0 = AppStore|iPhoneSimulator
		{F35C49AD-8B6E-4C43-AB4D-D9DC3458CA0A}.AppStore|x64.ActiveCfg = AppStore|iPhone
		{F35C49AD-8B6E-4C43-AB4D-D9DC3458CA0A}.AppStore|x64.Build.0 = AppStore|iPhone
		{F35C49AD-8B6E-4C43-AB4D-D9DC3458CA0A}.AppStore|x64.Deploy.0 = AppStore|iPhone
		{F35C49AD-8B6E-4C43-AB4D-D9DC3458CA0A}.AppStore|x86.ActiveCfg = AppStore|iPhone
		{F35C49AD-8B6E-4C43-AB4D-D9DC3458CA0A}.AppStore|x86.Build.0 = AppStore|iPhone
		{F35C49AD-8B6E-4C43-AB4D-D9DC3458CA0A}.AppStore|x86.Deploy.0 = AppStore|iPhone
		{F35C49AD-8B6E-4C43-AB4D-D9DC3458CA0A}.Debug|Any CPU.ActiveCfg = Debug|iPhoneSimulator
		{F35C49AD-8B6E-4C43-AB4D-D9DC3458CA0A}.Debug|Any CPU.Build.0 = Debug|iPhoneSimulator
		{F35C49AD-8B6E-4C43-AB4D-D9DC3458CA0A}.Debug|Any CPU.Deploy.0 = Debug|iPhoneSimulator
		{F35C49AD-8B6E-4C43-AB4D-D9DC3458CA0A}.Debug|ARM.ActiveCfg = Debug|iPhone
		{F35C49AD-8B6E-4C43-AB4D-D9DC3458CA0A}.Debug|ARM.Build.0 = Debug|iPhone
		{F35C49AD-8B6E-4C43-AB4D-D9DC3458CA0A}.Debug|ARM.Deploy.0 = Debug|iPhone
		{F35C49AD-8B6E-4C43-AB4D-D9DC3458CA0A}.Debug|iPhone.ActiveCfg = Debug|iPhone
		{F35C49AD-8B6E-4C43-AB4D-D9DC3458CA0A}.Debug|iPhone.Build.0 = Debug|iPhone
		{F35C49AD-8B6E-4C43-AB4D-D9DC3458CA0A}.Debug|iPhone.Deploy.0 = Debug|iPhone
		{F35C49AD-8B6E-4C43-AB4D-D9DC3458CA0A}.Debug|iPhoneSimulator.ActiveCfg = Debug|iPhoneSimulator
		{F35C49AD-8B6E-4C43-AB4D-D9DC3458CA0A}.Debug|iPhoneSimulator.Build.0 = Debug|iPhoneSimulator
		{F35C49AD-8B6E-4C43-AB4D-D9DC3458CA0A}.Debug|iPhoneSimulator.Deploy.0 = Debug|iPhoneSimulator
		{F35C49AD-8B6E-4C43-AB4D-D9DC3458CA0A}.Debug|x64.ActiveCfg = Debug|iPhone
		{F35C49AD-8B6E-4C43-AB4D-D9DC3458CA0A}.Debug|x64.Build.0 = Debug|iPhone
		{F35C49AD-8B6E-4C43-AB4D-D9DC3458CA0A}.Debug|x64.Deploy.0 = Debug|iPhone
		{F35C49AD-8B6E-4C43-AB4D-D9DC3458CA0A}.Debug|x86.ActiveCfg = Debug|iPhone
		{F35C49AD-8B6E-4C43-AB4D-D9DC3458CA0A}.Debug|x86.Build.0 = Debug|iPhone
		{F35C49AD-8B6E-4C43-AB4D-D9DC3458CA0A}.Debug|x86.Deploy.0 = Debug|iPhone
		{F35C49AD-8B6E-4C43-AB4D-D9DC3458CA0A}.Release|Any CPU.ActiveCfg = Release|iPhone
		{F35C49AD-8B6E-4C43-AB4D-D9DC3458CA0A}.Release|Any CPU.Build.0 = Release|iPhone
		{F35C49AD-8B6E-4C43-AB4D-D9DC3458CA0A}.Release|Any CPU.Deploy.0 = Release|iPhone
		{F35C49AD-8B6E-4C43-AB4D-D9DC3458CA0A}.Release|ARM.ActiveCfg = Release|iPhone
		{F35C49AD-8B6E-4C43-AB4D-D9DC3458CA0A}.Release|ARM.Build.0 = Release|iPhone
		{F35C49AD-8B6E-4C43-AB4D-D9DC3458CA0A}.Release|ARM.Deploy.0 = Release|iPhone
		{F35C49AD-8B6E-4C43-AB4D-D9DC3458CA0A}.Release|iPhone.ActiveCfg = Release|iPhone
		{F35C49AD-8B6E-4C43-AB4D-D9DC3458CA0A}.Release|iPhone.Build.0 = Release|iPhone
		{F35C49AD-8B6E-4C43-AB4D-D9DC3458CA0A}.Release|iPhone.Deploy.0 = Release|iPhone
		{F35C49AD-8B6E-4C43-AB4D-D9DC3458CA0A}.Release|iPhoneSimulator.ActiveCfg = Release|iPhoneSimulator
		{F35C49AD-8B6E-4C43-AB4D-D9DC3458CA0A}.Release|iPhoneSimulator.Build.0 = Release|iPhoneSimulator
		{F35C49AD-8B6E-4C43-AB4D-D9DC3458CA0A}.Release|iPhoneSimulator.Deploy.0 = Release|iPhoneSimulator
		{F35C49AD-8B6E-4C43-AB4D-D9DC3458CA0A}.Release|x64.ActiveCfg = Release|iPhone
		{F35C49AD-8B6E-4C43-AB4D-D9DC3458CA0A}.Release|x64.Build.0 = Release|iPhone
		{F35C49AD-8B6E-4C43-AB4D-D9DC3458CA0A}.Release|x64.Deploy.0 = Release|iPhone
		{F35C49AD-8B6E-4C43-AB4D-D9DC3458CA0A}.Release|x86.ActiveCfg = Release|iPhone
		{F35C49AD-8B6E-4C43-AB4D-D9DC3458CA0A}.Release|x86.Build.0 = Release|iPhone
		{F35C49AD-8B6E-4C43-AB4D-D9DC3458CA0A}.Release|x86.Deploy.0 = Release|iPhone
		{E7C8013E-F4F8-4973-81A0-6C6E106301EE}.Ad-Hoc|Any CPU.ActiveCfg = Release|x86
		{E7C8013E-F4F8-4973-81A0-6C6E106301EE}.Ad-Hoc|Any CPU.Build.0 = Release|x86
		{E7C8013E-F4F8-4973-81A0-6C6E106301EE}.Ad-Hoc|Any CPU.Deploy.0 = Release|x86
		{E7C8013E-F4F8-4973-81A0-6C6E106301EE}.Ad-Hoc|ARM.ActiveCfg = Release|ARM
		{E7C8013E-F4F8-4973-81A0-6C6E106301EE}.Ad-Hoc|ARM.Build.0 = Release|ARM
		{E7C8013E-F4F8-4973-81A0-6C6E106301EE}.Ad-Hoc|ARM.Deploy.0 = Release|ARM
		{E7C8013E-F4F8-4973-81A0-6C6E106301EE}.Ad-Hoc|iPhone.ActiveCfg = Release|x86
		{E7C8013E-F4F8-4973-81A0-6C6E106301EE}.Ad-Hoc|iPhone.Build.0 = Release|x86
		{E7C8013E-F4F8-4973-81A0-6C6E106301EE}.Ad-Hoc|iPhone.Deploy.0 = Release|x86
		{E7C8013E-F4F8-4973-81A0-6C6E106301EE}.Ad-Hoc|iPhoneSimulator.ActiveCfg = Release|x86
		{E7C8013E-F4F8-4973-81A0-6C6E106301EE}.Ad-Hoc|iPhoneSimulator.Build.0 = Release|x86
		{E7C8013E-F4F8-4973-81A0-6C6E106301EE}.Ad-Hoc|iPhoneSimulator.Deploy.0 = Release|x86
		{E7C8013E-F4F8-4973-81A0-6C6E106301EE}.Ad-Hoc|x64.ActiveCfg = Release|x64
		{E7C8013E-F4F8-4973-81A0-6C6E106301EE}.Ad-Hoc|x64.Build.0 = Release|x64
		{E7C8013E-F4F8-4973-81A0-6C6E106301EE}.Ad-Hoc|x64.Deploy.0 = Release|x64
		{E7C8013E-F4F8-4973-81A0-6C6E106301EE}.Ad-Hoc|x86.ActiveCfg = Release|x86
		{E7C8013E-F4F8-4973-81A0-6C6E106301EE}.Ad-Hoc|x86.Build.0 = Release|x86
		{E7C8013E-F4F8-4973-81A0-6C6E106301EE}.Ad-Hoc|x86.Deploy.0 = Release|x86
		{E7C8013E-F4F8-4973-81A0-6C6E106301EE}.AppStore|Any CPU.ActiveCfg = Release|x86
		{E7C8013E-F4F8-4973-81A0-6C6E106301EE}.AppStore|Any CPU.Build.0 = Release|x86
		{E7C8013E-F4F8-4973-81A0-6C6E106301EE}.AppStore|Any CPU.Deploy.0 = Release|x86
		{E7C8013E-F4F8-4973-81A0-6C6E106301EE}.AppStore|ARM.ActiveCfg = Release|ARM
		{E7C8013E-F4F8-4973-81A0-6C6E106301EE}.AppStore|ARM.Build.0 = Release|ARM
		{E7C8013E-F4F8-4973-81A0-6C6E106301EE}.AppStore|ARM.Deploy.0 = Release|ARM
		{E7C8013E-F4F8-4973-81A0-6C6E106301EE}.AppStore|iPhone.ActiveCfg = Release|x86
		{E7C8013E-F4F8-4973-81A0-6C6E106301EE}.AppStore|iPhone.Build.0 = Release|x86
		{E7C8013E-F4F8-4973-81A0-6C6E106301EE}.AppStore|iPhone.Deploy.0 = Release|x86
		{E7C8013E-F4F8-4973-81A0-6C6E106301EE}.AppStore|iPhoneSimulator.ActiveCfg = Release|x86
		{E7C8013E-F4F8-4973-81A0-6C6E106301EE}.AppStore|iPhoneSimulator.Build.0 = Release|x86
		{E7C8013E-F4F8-4973-81A0-6C6E106301EE}.AppStore|iPhoneSimulator.Deploy.0 = Release|x86
		{E7C8013E-F4F8-4973-81A0-6C6E106301EE}.AppStore|x64.ActiveCfg = Release|x64
		{E7C8013E-F4F8-4973-81A0-6C6E106301EE}.AppStore|x64.Build.0 = Release|x64
		{E7C8013E-F4F8-4973-81A0-6C6E106301EE}.AppStore|x64.Deploy.0 = Release|x64
		{E7C8013E-F4F8-4973-81A0-6C6E106301EE}.AppStore|x86.ActiveCfg = Release|x86
		{E7C8013E-F4F8-4973-81A0-6C6E106301EE}.AppStore|x86.Build.0 = Release|x86
		{E7C8013E-F4F8-4973-81A0-6C6E106301EE}.AppStore|x86.Deploy.0 = Release|x86
		{E7C8013E-F4F8-4973-81A0-6C6E106301EE}.Debug|Any CPU.ActiveCfg = Debug|x86
		{E7C8013E-F4F8-4973-81A0-6C6E106301EE}.Debug|Any CPU.Build.0 = Debug|x86
		{E7C8013E-F4F8-4973-81A0-6C6E106301EE}.Debug|Any CPU.Deploy.0 = Debug|x86
		{E7C8013E-F4F8-4973-81A0-6C6E106301EE}.Debug|ARM.ActiveCfg = Debug|ARM
		{E7C8013E-F4F8-4973-81A0-6C6E106301EE}.Debug|ARM.Build.0 = Debug|ARM
		{E7C8013E-F4F8-4973-81A0-6C6E106301EE}.Debug|ARM.Deploy.0 = Debug|ARM
		{E7C8013E-F4F8-4973-81A0-6C6E106301EE}.Debug|iPhone.ActiveCfg = Debug|x86
		{E7C8013E-F4F8-4973-81A0-6C6E106301EE}.Debug|iPhone.Build.0 = Debug|x86
		{E7C8013E-F4F8-4973-81A0-6C6E106301EE}.Debug|iPhone.Deploy.0 = Debug|x86
		{E7C8013E-F4F8-4973-81A0-6C6E106301EE}.Debug|iPhoneSimulator.ActiveCfg = Debug|x86
		{E7C8013E-F4F8-4973-81A0-6C6E106301EE}.Debug|iPhoneSimulator.Build.0 = Debug|x86
		{E7C8013E-F4F8-4973-81A0-6C6E106301EE}.Debug|iPhoneSimulator.Deploy.0 = Debug|x86
		{E7C8013E-F4F8-4973-81A0-6C6E106301EE}.Debug|x64.ActiveCfg = Debug|x64
		{E7C8013E-F4F8-4973-81A0-6C6E106301EE}.Debug|x64.Build.0 = Debug|x64
		{E7C8013E-F4F8-4973-81A0-6C6E106301EE}.Debug|x64.Deploy.0 = Debug|x64
		{E7C8013E-F4F8-4973-81A0-6C6E106301EE}.Debug|x86.ActiveCfg = Debug|x86
		{E7C8013E-F4F8-4973-81A0-6C6E106301EE}.Debug|x86.Build.0 = Debug|x86
		{E7C8013E-F4F8-4973-81A0-6C6E106301EE}.Debug|x86.Deploy.0 = Debug|x86
		{E7C8013E-F4F8-4973-81A0-6C6E106301EE}.Release|Any CPU.ActiveCfg = Release|x86
		{E7C8013E-F4F8-4973-81A0-6C6E106301EE}.Release|Any CPU.Build.0 = Release|x86
		{E7C8013E-F4F8-4973-81A0-6C6E106301EE}.Release|Any CPU.Deploy.0 = Release|x86
		{E7C8013E-F4F8-4973-81A0-6C6E106301EE}.Release|ARM.ActiveCfg = Release|ARM
		{E7C8013E-F4F8-4973-81A0-6C6E106301EE}.Release|ARM.Build.0 = Release|ARM
		{E7C8013E-F4F8-4973-81A0-6C6E106301EE}.Release|ARM.Deploy.0 = Release|ARM
		{E7C8013E-F4F8-4973-81A0-6C6E106301EE}.Release|iPhone.ActiveCfg = Release|x86
		{E7C8013E-F4F8-4973-81A0-6C6E106301EE}.Release|iPhone.Build.0 = Release|x86
		{E7C8013E-F4F8-4973-81A0-6C6E106301EE}.Release|iPhone.Deploy.0 = Release|x86
		{E7C8013E-F4F8-4973-81A0-6C6E106301EE}.Release|iPhoneSimulator.ActiveCfg = Release|x86
		{E7C8013E-F4F8-4973-81A0-6C6E106301EE}.Release|iPhoneSimulator.Build.0 = Release|x86
		{E7C8013E-F4F8-4973-81A0-6C6E106301EE}.Release|iPhoneSimulator.Deploy.0 = Release|x86
		{E7C8013E-F4F8-4973-81A0-6C6E106301EE}.Release|x64.ActiveCfg = Release|x64
		{E7C8013E-F4F8-4973-81A0-6C6E106301EE}.Release|x64.Build.0 = Release|x64
		{E7C8013E-F4F8-4973-81A0-6C6E106301EE}.Release|x64.Deploy.0 = Release|x64
		{E7C8013E-F4F8-4973-81A0-6C6E106301EE}.Release|x86.ActiveCfg = Release|x86
		{E7C8013E-F4F8-4973-81A0-6C6E106301EE}.Release|x86.Build.0 = Release|x86
		{E7C8013E-F4F8-4973-81A0-6C6E106301EE}.Release|x86.Deploy.0 = Release|x86
		{01A75D02-4D89-46DE-9D5A-E0E2720DF022}.Ad-Hoc|Any CPU.ActiveCfg = Debug|Any CPU
		{01A75D02-4D89-46DE-9D5A-E0E2720DF022}.Ad-Hoc|Any CPU.Build.0 = Debug|Any CPU
		{01A75D02-4D89-46DE-9D5A-E0E2720DF022}.Ad-Hoc|Any CPU.Deploy.0 = Debug|Any CPU
		{01A75D02-4D89-46DE-9D5A-E0E2720DF022}.Ad-Hoc|ARM.ActiveCfg = Debug|Any CPU
		{01A75D02-4D89-46DE-9D5A-E0E2720DF022}.Ad-Hoc|ARM.Build.0 = Debug|Any CPU
		{01A75D02-4D89-46DE-9D5A-E0E2720DF022}.Ad-Hoc|ARM.Deploy.0 = Debug|Any CPU
		{01A75D02-4D89-46DE-9D5A-E0E2720DF022}.Ad-Hoc|iPhone.ActiveCfg = Debug|Any CPU
		{01A75D02-4D89-46DE-9D5A-E0E2720DF022}.Ad-Hoc|iPhone.Build.0 = Debug|Any CPU
		{01A75D02-4D89-46DE-9D5A-E0E2720DF022}.Ad-Hoc|iPhone.Deploy.0 = Debug|Any CPU
		{01A75D02-4D89-46DE-9D5A-E0E2720DF022}.Ad-Hoc|iPhoneSimulator.ActiveCfg = Debug|Any CPU
		{01A75D02-4D89-46DE-9D5A-E0E2720DF022}.Ad-Hoc|iPhoneSimulator.Build.0 = Debug|Any CPU
		{01A75D02-4D89-46DE-9D5A-E0E2720DF022}.Ad-Hoc|iPhoneSimulator.Deploy.0 = Debug|Any CPU
		{01A75D02-4D89-46DE-9D5A-E0E2720DF022}.Ad-Hoc|x64.ActiveCfg = Debug|Any CPU
		{01A75D02-4D89-46DE-9D5A-E0E2720DF022}.Ad-Hoc|x64.Build.0 = Debug|Any CPU
		{01A75D02-4D89-46DE-9D5A-E0E2720DF022}.Ad-Hoc|x64.Deploy.0 = Debug|Any CPU
		{01A75D02-4D89-46DE-9D5A-E0E2720DF022}.Ad-Hoc|x86.ActiveCfg = Debug|Any CPU
		{01A75D02-4D89-46DE-9D5A-E0E2720DF022}.Ad-Hoc|x86.Build.0 = Debug|Any CPU
		{01A75D02-4D89-46DE-9D5A-E0E2720DF022}.Ad-Hoc|x86.Deploy.0 = Debug|Any CPU
		{01A75D02-4D89-46DE-9D5A-E0E2720DF022}.AppStore|Any CPU.ActiveCfg = Debug|Any CPU
		{01A75D02-4D89-46DE-9D5A-E0E2720DF022}.AppStore|Any CPU.Build.0 = Debug|Any CPU
		{01A75D02-4D89-46DE-9D5A-E0E2720DF022}.AppStore|Any CPU.Deploy.0 = Debug|Any CPU
		{01A75D02-4D89-46DE-9D5A-E0E2720DF022}.AppStore|ARM.ActiveCfg = Debug|Any CPU
		{01A75D02-4D89-46DE-9D5A-E0E2720DF022}.AppStore|ARM.Build.0 = Debug|Any CPU
		{01A75D02-4D89-46DE-9D5A-E0E2720DF022}.AppStore|ARM.Deploy.0 = Debug|Any CPU
		{01A75D02-4D89-46DE-9D5A-E0E2720DF022}.AppStore|iPhone.ActiveCfg = Debug|Any CPU
		{01A75D02-4D89-46DE-9D5A-E0E2720DF022}.AppStore|iPhone.Build.0 = Debug|Any CPU
		{01A75D02-4D89-46DE-9D5A-E0E2720DF022}.AppStore|iPhone.Deploy.0 = Debug|Any CPU
		{01A75D02-4D89-46DE-9D5A-E0E2720DF022}.AppStore|iPhoneSimulator.ActiveCfg = Debug|Any CPU
		{01A75D02-4D89-46DE-9D5A-E0E2720DF022}.AppStore|iPhoneSimulator.Build.0 = Debug|Any CPU
		{01A75D02-4D89-46DE-9D5A-E0E2720DF022}.AppStore|iPhoneSimulator.Deploy.0 = Debug|Any CPU
		{01A75D02-4D89-46DE-9D5A-E0E2720DF022}.AppStore|x64.ActiveCfg = Debug|Any CPU
		{01A75D02-4D89-46DE-9D5A-E0E2720DF022}.AppStore|x64.Build.0 = Debug|Any CPU
		{01A75D02-4D89-46DE-9D5A-E0E2720DF022}.AppStore|x64.Deploy.0 = Debug|Any CPU
		{01A75D02-4D89-46DE-9D5A-E0E2720DF022}.AppStore|x86.ActiveCfg = Debug|Any CPU
		{01A75D02-4D89-46DE-9D5A-E0E2720DF022}.AppStore|x86.Build.0 = Debug|Any CPU
		{01A75D02-4D89-46DE-9D5A-E0E2720DF022}.AppStore|x86.Deploy.0 = Debug|Any CPU
		{01A75D02-4D89-46DE-9D5A-E0E2720DF022}.Debug|Any CPU.ActiveCfg = Debug|Any CPU
		{01A75D02-4D89-46DE-9D5A-E0E2720DF022}.Debug|Any CPU.Build.0 = Debug|Any CPU
		{01A75D02-4D89-46DE-9D5A-E0E2720DF022}.Debug|Any CPU.Deploy.0 = Debug|Any CPU
		{01A75D02-4D89-46DE-9D5A-E0E2720DF022}.Debug|ARM.ActiveCfg = Debug|Any CPU
		{01A75D02-4D89-46DE-9D5A-E0E2720DF022}.Debug|ARM.Build.0 = Debug|Any CPU
		{01A75D02-4D89-46DE-9D5A-E0E2720DF022}.Debug|ARM.Deploy.0 = Debug|Any CPU
		{01A75D02-4D89-46DE-9D5A-E0E2720DF022}.Debug|iPhone.ActiveCfg = Debug|Any CPU
		{01A75D02-4D89-46DE-9D5A-E0E2720DF022}.Debug|iPhone.Build.0 = Debug|Any CPU
		{01A75D02-4D89-46DE-9D5A-E0E2720DF022}.Debug|iPhone.Deploy.0 = Debug|Any CPU
		{01A75D02-4D89-46DE-9D5A-E0E2720DF022}.Debug|iPhoneSimulator.ActiveCfg = Debug|Any CPU
		{01A75D02-4D89-46DE-9D5A-E0E2720DF022}.Debug|iPhoneSimulator.Build.0 = Debug|Any CPU
		{01A75D02-4D89-46DE-9D5A-E0E2720DF022}.Debug|iPhoneSimulator.Deploy.0 = Debug|Any CPU
		{01A75D02-4D89-46DE-9D5A-E0E2720DF022}.Debug|x64.ActiveCfg = Debug|Any CPU
		{01A75D02-4D89-46DE-9D5A-E0E2720DF022}.Debug|x64.Build.0 = Debug|Any CPU
		{01A75D02-4D89-46DE-9D5A-E0E2720DF022}.Debug|x64.Deploy.0 = Debug|Any CPU
		{01A75D02-4D89-46DE-9D5A-E0E2720DF022}.Debug|x86.ActiveCfg = Debug|Any CPU
		{01A75D02-4D89-46DE-9D5A-E0E2720DF022}.Debug|x86.Build.0 = Debug|Any CPU
		{01A75D02-4D89-46DE-9D5A-E0E2720DF022}.Debug|x86.Deploy.0 = Debug|Any CPU
		{01A75D02-4D89-46DE-9D5A-E0E2720DF022}.Release|Any CPU.ActiveCfg = Release|Any CPU
		{01A75D02-4D89-46DE-9D5A-E0E2720DF022}.Release|Any CPU.Build.0 = Release|Any CPU
		{01A75D02-4D89-46DE-9D5A-E0E2720DF022}.Release|Any CPU.Deploy.0 = Release|Any CPU
		{01A75D02-4D89-46DE-9D5A-E0E2720DF022}.Release|ARM.ActiveCfg = Release|Any CPU
		{01A75D02-4D89-46DE-9D5A-E0E2720DF022}.Release|ARM.Build.0 = Release|Any CPU
		{01A75D02-4D89-46DE-9D5A-E0E2720DF022}.Release|ARM.Deploy.0 = Release|Any CPU
		{01A75D02-4D89-46DE-9D5A-E0E2720DF022}.Release|iPhone.ActiveCfg = Release|Any CPU
		{01A75D02-4D89-46DE-9D5A-E0E2720DF022}.Release|iPhone.Build.0 = Release|Any CPU
		{01A75D02-4D89-46DE-9D5A-E0E2720DF022}.Release|iPhone.Deploy.0 = Release|Any CPU
		{01A75D02-4D89-46DE-9D5A-E0E2720DF022}.Release|iPhoneSimulator.ActiveCfg = Release|Any CPU
		{01A75D02-4D89-46DE-9D5A-E0E2720DF022}.Release|iPhoneSimulator.Build.0 = Release|Any CPU
		{01A75D02-4D89-46DE-9D5A-E0E2720DF022}.Release|iPhoneSimulator.Deploy.0 = Release|Any CPU
		{01A75D02-4D89-46DE-9D5A-E0E2720DF022}.Release|x64.ActiveCfg = Release|Any CPU
		{01A75D02-4D89-46DE-9D5A-E0E2720DF022}.Release|x64.Build.0 = Release|Any CPU
		{01A75D02-4D89-46DE-9D5A-E0E2720DF022}.Release|x64.Deploy.0 = Release|Any CPU
		{01A75D02-4D89-46DE-9D5A-E0E2720DF022}.Release|x86.ActiveCfg = Release|Any CPU
		{01A75D02-4D89-46DE-9D5A-E0E2720DF022}.Release|x86.Build.0 = Release|Any CPU
		{01A75D02-4D89-46DE-9D5A-E0E2720DF022}.Release|x86.Deploy.0 = Release|Any CPU
	EndGlobalSection
	GlobalSection(SolutionProperties) = preSolution
		HideSolutionNode = FALSE
	EndGlobalSection
	GlobalSection(ExtensibilityGlobals) = postSolution
		SolutionGuid = {40272C1D-FEF8-4295-A0E0-E495967FA3C6}
	EndGlobalSection
EndGlobal
